# This file is autogenerated, do not edit; changes may be undone by the next 'dep ensure'.


[[projects]]
  name = "github.com/disintegration/imaging"
  packages = ["."]
  revision = "dd50a3ee9985ccd313a2f03c398fcaedc96dc707"
  version = "v1.2.4"

[[projects]]
  name = "github.com/fsnotify/fsnotify"
  packages = ["."]
  revision = "629574ca2a5df945712d3079857300b5e4da0236"
  version = "v1.4.2"

[[projects]]
  name = "github.com/gorilla/websocket"
  packages = ["."]
  revision = "ea4d1f681babbce9545c9c5f3d5194a789c89f5b"
  version = "v1.2.0"

[[projects]]
  name = "github.com/inconshreveable/mousetrap"
  packages = ["."]
  revision = "76626ae9c91c4f2a10f34cad8ce83ea42c93bb75"
  version = "v1.0"

[[projects]]
  branch = "master"
  name = "github.com/knq/chromedp"
  packages = [".","cdp","cdp/accessibility","cdp/animation","cdp/applicationcache","cdp/audits","cdp/browser","cdp/cachestorage","cdp/cdputil","cdp/css","cdp/database","cdp/debugger","cdp/dom","cdp/domdebugger","cdp/domsnapshot","cdp/domstorage","cdp/emulation","cdp/headlessexperimental","cdp/heapprofiler","cdp/indexeddb","cdp/input","cdp/inspector","cdp/io","cdp/layertree","cdp/log","cdp/memory","cdp/network","cdp/overlay","cdp/page","cdp/performance","cdp/profiler","cdp/runtime","cdp/security","cdp/serviceworker","cdp/storage","cdp/systeminfo","cdp/target","cdp/tethering","cdp/tracing","client","kb","runner"]
  revision = "fd310a9b849a291310c58954ac548939cbd66b00"

[[projects]]
  branch = "master"
  name = "github.com/knq/sysutil"
  packages = ["."]
  revision = "840643935d35cb81c833b4c142357dc9d519e390"

[[projects]]
  branch = "master"
  name = "github.com/mailru/easyjson"
  packages = [".","buffer","jlexer","jwriter"]
  revision = "32fa128f234d041f196a9f3e0fea5ac9772c08e1"

[[projects]]
  name = "github.com/spf13/cobra"
  packages = ["."]
  revision = "7b2c5ac9fc04fc5efafb60700713d4fa609b777b"
  version = "v0.0.1"

[[projects]]
  name = "github.com/spf13/pflag"
  packages = ["."]
  revision = "e57e3eeb33f795204c1ca35f56c44f83227c6e66"
  version = "v1.0.0"

[[projects]]
  branch = "master"
  name = "golang.org/x/image"
  packages = ["bmp","tiff","tiff/lzw"]
  revision = "e5db4c466346ada62f27934dab20e4b6f6bda285"

[[projects]]
  branch = "master"
  name = "golang.org/x/net"
  packages = ["html","html/atom"]
  revision = "d866cfc389cec985d6fda2859936a575a55a3ab6"

[[projects]]
  branch = "master"
  name = "golang.org/x/sys"
  packages = ["unix"]
  revision = "53aa286056ef226755cd898109dbcdaba8ac0b81"

[solve-meta]
  analyzer-name = "dep"
  analyzer-version = 1
  inputs-digest = "20734cf6a44214cde7ebb2c4d9b7c8b3b53b828d0c70c6f227e9a8ace49a18f6"
  solver-name = "gps-cdcl"
  solver-version = 1
